
Microsoft Visual Studio Solution File, Format Version 12.00
# Visual Studio Version 17
VisualStudioVersion = 17.8.34330.188
MinimumVisualStudioVersion = 10.0.40219.1
Project("{FAE04EC0-301F-11D3-BF4B-00C04F79EFBC}") = "Home45", "Home45\Home45.csproj", "{2C587117-8390-4228-9889-8601EE88D968}"
EndProject
Project("{FAE04EC0-301F-11D3-BF4B-00C04F79EFBC}") = "Home45_2", "Home45_2\Home45_2.csproj", "{8B36327B-7764-464F-8E11-A32C63318358}"
EndProject
Global
	GlobalSection(SolutionConfigurationPlatforms) = preSolution
		Debug|Any CPU = Debug|Any CPU
		Release|Any CPU = Release|Any CPU
	EndGlobalSection
	GlobalSection(ProjectConfigurationPlatforms) = postSolution
		{2C587117-8390-4228-9889-8601EE88D968}.Debug|Any CPU.ActiveCfg = Debug|Any CPU
		{2C587117-8390-4228-9889-8601EE88D968}.Debug|Any CPU.Build.0 = Debug|Any CPU
		{2C587117-8390-4228-9889-8601EE88D968}.Release|Any CPU.ActiveCfg = Release|Any CPU
		{2C587117-8390-4228-9889-8601EE88D968}.Release|Any CPU.Build.0 = Release|Any CPU
		{8B36327B-7764-464F-8E11-A32C63318358}.Debug|Any CPU.ActiveCfg = Debug|Any CPU
		{8B36327B-7764-464F-8E11-A32C63318358}.Debug|Any CPU.Build.0 = Debug|Any CPU
		{8B36327B-7764-464F-8E11-A32C63318358}.Release|Any CPU.ActiveCfg = Release|Any CPU
		{8B36327B-7764-464F-8E11-A32C63318358}.Release|Any CPU.Build.0 = Release|Any CPU
	EndGlobalSection
	GlobalSection(SolutionProperties) = preSolution
		HideSolutionNode = FALSE
	EndGlobalSection
	GlobalSection(ExtensibilityGlobals) = postSolution
		SolutionGuid = {E8D0F4B4-2797-4027-890B-C38B4D6B9A49}
	EndGlobalSection
EndGlobal
